
Microsoft Visual Studio Solution File, Format Version 12.00
# Visual Studio Version 17
VisualStudioVersion = 17.11.35312.102
MinimumVisualStudioVersion = 10.0.40219.1
Project("{FAE04EC0-301F-11D3-BF4B-00C04F79EFBC}") = "GridExampleMAUI", "GridExampleMAUI\GridExampleMAUI.csproj", "{C945B0BF-B35A-41C9-B36B-94532601F235}"
EndProject
Global
	GlobalSection(SolutionConfigurationPlatforms) = preSolution
		Debug|Any CPU = Debug|Any CPU
		Release|Any CPU = Release|Any CPU
	EndGlobalSection
	GlobalSection(ProjectConfigurationPlatforms) = postSolution
		{C945B0BF-B35A-41C9-B36B-94532601F235}.Debug|Any CPU.ActiveCfg = Debug|Any CPU
		{C945B0BF-B35A-41C9-B36B-94532601F235}.Debug|Any CPU.Build.0 = Debug|Any CPU
		{C945B0BF-B35A-41C9-B36B-94532601F235}.Debug|Any CPU.Deploy.0 = Debug|Any CPU
		{C945B0BF-B35A-41C9-B36B-94532601F235}.Release|Any CPU.ActiveCfg = Release|Any CPU
		{C945B0BF-B35A-41C9-B36B-94532601F235}.Release|Any CPU.Build.0 = Release|Any CPU
		{C945B0BF-B35A-41C9-B36B-94532601F235}.Release|Any CPU.Deploy.0 = Release|Any CPU
	EndGlobalSection
	GlobalSection(SolutionProperties) = preSolution
		HideSolutionNode = FALSE
	EndGlobalSection
	GlobalSection(ExtensibilityGlobals) = postSolution
		SolutionGuid = {DFE0736D-7185-44D5-96B5-595BB901EA16}
	EndGlobalSection
EndGlobal
